// !$*UTF8*$!
{
	archiveVersion = 1;
	classes = {
	};
	objectVersion = 48;
	objects = {

/* Begin PBXBuildFile section */
		2F118A6A20B7B258008BBDCD /* main.html in Resources */ = {isa = PBXBuildFile; fileRef = 2F118A6920B7B258008BBDCD /* main.html */; };
		2F118A6E20BFEE41008BBDCD /* NSURL+NYTool.m in Sources */ = {isa = PBXBuildFile; fileRef = 2F118A6D20BFEE41008BBDCD /* NSURL+NYTool.m */; };
		2F118A7120C14047008BBDCD /* NYScriptMessage.m in Sources */ = {isa = PBXBuildFile; fileRef = 2F118A7020C14047008BBDCD /* NYScriptMessage.m */; };
		2FD1EE7A206384AC00A0D838 /* AppDelegate.m in Sources */ = {isa = PBXBuildFile; fileRef = 2FD1EE79206384AC00A0D838 /* AppDelegate.m */; };
		2FD1EE80206384AC00A0D838 /* Main.storyboard in Resources */ = {isa = PBXBuildFile; fileRef = 2FD1EE7E206384AC00A0D838 /* Main.storyboard */; };
		2FD1EE82206384AC00A0D838 /* Assets.xcassets in Resources */ = {isa = PBXBuildFile; fileRef = 2FD1EE81206384AC00A0D838 /* Assets.xcassets */; };
		2FD1EE85206384AC00A0D838 /* LaunchScreen.storyboard in Resources */ = {isa = PBXBuildFile; fileRef = 2FD1EE83206384AC00A0D838 /* LaunchScreen.storyboard */; };
		2FD1EE88206384AC00A0D838 /* main.m in Sources */ = {isa = PBXBuildFile; fileRef = 2FD1EE87206384AC00A0D838 /* main.m */; };
		2FD1EE92206384AD00A0D838 /* NYWebViewControllerTests.m in Sources */ = {isa = PBXBuildFile; fileRef = 2FD1EE91206384AD00A0D838 /* NYWebViewControllerTests.m */; };
		2FD1EE9D206384AD00A0D838 /* NYWebViewControllerUITests.m in Sources */ = {isa = PBXBuildFile; fileRef = 2FD1EE9C206384AD00A0D838 /* NYWebViewControllerUITests.m */; };
		2FD1EEAE2063883000A0D838 /* NYWebViewController.m in Sources */ = {isa = PBXBuildFile; fileRef = 2FD1EEAD2063883000A0D838 /* NYWebViewController.m */; };
		2FD1EEB22064E6A100A0D838 /* NYViewController.m in Sources */ = {isa = PBXBuildFile; fileRef = 2FD1EEB12064E6A100A0D838 /* NYViewController.m */; };
		2FD1EEB5206A357000A0D838 /* NYSecurityPolicy.m in Sources */ = {isa = PBXBuildFile; fileRef = 2FD1EEB3206A356E00A0D838 /* NYSecurityPolicy.m */; };
		C7799D6C20CE5EC400557C8C /* NSObject+NYRuntime.m in Sources */ = {isa = PBXBuildFile; fileRef = C7799D6720CE5EC400557C8C /* NSObject+NYRuntime.m */; };
		C7799D6D20CE5EC400557C8C /* WKWebView+NYWebCache.m in Sources */ = {isa = PBXBuildFile; fileRef = C7799D6920CE5EC400557C8C /* WKWebView+NYWebCache.m */; };
		C7799D6E20CE5EC400557C8C /* WKWebView+NYWebCookie.m in Sources */ = {isa = PBXBuildFile; fileRef = C7799D6B20CE5EC400557C8C /* WKWebView+NYWebCookie.m */; };
/* End PBXBuildFile section */

/* Begin PBXContainerItemProxy section */
		2FD1EE8E206384AD00A0D838 /* PBXContainerItemProxy */ = {
			isa = PBXContainerItemProxy;
			containerPortal = 2FD1EE6D206384AC00A0D838 /* Project object */;
			proxyType = 1;
			remoteGlobalIDString = 2FD1EE74206384AC00A0D838;
			remoteInfo = NYWebViewController;
		};
		2FD1EE99206384AD00A0D838 /* PBXContainerItemProxy */ = {
			isa = PBXContainerItemProxy;
			containerPortal = 2FD1EE6D206384AC00A0D838 /* Project object */;
			proxyType = 1;
			remoteGlobalIDString = 2FD1EE74206384AC00A0D838;
			remoteInfo = NYWebViewController;
		};
/* End PBXContainerItemProxy section */

/* Begin PBXFileReference section */
		2F118A6920B7B258008BBDCD /* main.html */ = {isa = PBXFileReference; fileEncoding = 4; lastKnownFileType = text.html; path = main.html; sourceTree = "<group>"; };
		2F118A6C20BFEE41008BBDCD /* NSURL+NYTool.h */ = {isa = PBXFileReference; lastKnownFileType = sourcecode.c.h; path = "NSURL+NYTool.h"; sourceTree = "<group>"; };
		2F118A6D20BFEE41008BBDCD /* NSURL+NYTool.m */ = {isa = PBXFileReference; lastKnownFileType = sourcecode.c.objc; path = "NSURL+NYTool.m"; sourceTree = "<group>"; };
		2F118A6F20C14047008BBDCD /* NYScriptMessage.h */ = {isa = PBXFileReference; lastKnownFileType = sourcecode.c.h; path = NYScriptMessage.h; sourceTree = "<group>"; };
		2F118A7020C14047008BBDCD /* NYScriptMessage.m */ = {isa = PBXFileReference; lastKnownFileType = sourcecode.c.objc; path = NYScriptMessage.m; sourceTree = "<group>"; };
		2FD1EE75206384AC00A0D838 /* NYWebViewController.app */ = {isa = PBXFileReference; explicitFileType = wrapper.application; includeInIndex = 0; path = NYWebViewController.app; sourceTree = BUILT_PRODUCTS_DIR; };
		2FD1EE78206384AC00A0D838 /* AppDelegate.h */ = {isa = PBXFileReference; lastKnownFileType = sourcecode.c.h; path = AppDelegate.h; sourceTree = "<group>"; };
		2FD1EE79206384AC00A0D838 /* AppDelegate.m */ = {isa = PBXFileReference; lastKnownFileType = sourcecode.c.objc; path = AppDelegate.m; sourceTree = "<group>"; };
		2FD1EE7F206384AC00A0D838 /* Base */ = {isa = PBXFileReference; lastKnownFileType = file.storyboard; name = Base; path = Base.lproj/Main.storyboard; sourceTree = "<group>"; };
		2FD1EE81206384AC00A0D838 /* Assets.xcassets */ = {isa = PBXFileReference; lastKnownFileType = folder.assetcatalog; path = Assets.xcassets; sourceTree = "<group>"; };
		2FD1EE84206384AC00A0D838 /* Base */ = {isa = PBXFileReference; lastKnownFileType = file.storyboard; name = Base; path = Base.lproj/LaunchScreen.storyboard; sourceTree = "<group>"; };
		2FD1EE86206384AC00A0D838 /* Info.plist */ = {isa = PBXFileReference; lastKnownFileType = text.plist.xml; path = Info.plist; sourceTree = "<group>"; };
		2FD1EE87206384AC00A0D838 /* main.m */ = {isa = PBXFileReference; lastKnownFileType = sourcecode.c.objc; path = main.m; sourceTree = "<group>"; };
		2FD1EE8D206384AD00A0D838 /* NYWebViewControllerTests.xctest */ = {isa = PBXFileReference; explicitFileType = wrapper.cfbundle; includeInIndex = 0; path = NYWebViewControllerTests.xctest; sourceTree = BUILT_PRODUCTS_DIR; };
		2FD1EE91206384AD00A0D838 /* NYWebViewControllerTests.m */ = {isa = PBXFileReference; lastKnownFileType = sourcecode.c.objc; path = NYWebViewControllerTests.m; sourceTree = "<group>"; };
		2FD1EE93206384AD00A0D838 /* Info.plist */ = {isa = PBXFileReference; lastKnownFileType = text.plist.xml; path = Info.plist; sourceTree = "<group>"; };
		2FD1EE98206384AD00A0D838 /* NYWebViewControllerUITests.xctest */ = {isa = PBXFileReference; explicitFileType = wrapper.cfbundle; includeInIndex = 0; path = NYWebViewControllerUITests.xctest; sourceTree = BUILT_PRODUCTS_DIR; };
		2FD1EE9C206384AD00A0D838 /* NYWebViewControllerUITests.m */ = {isa = PBXFileReference; lastKnownFileType = sourcecode.c.objc; path = NYWebViewControllerUITests.m; sourceTree = "<group>"; };
		2FD1EE9E206384AD00A0D838 /* Info.plist */ = {isa = PBXFileReference; lastKnownFileType = text.plist.xml; path = Info.plist; sourceTree = "<group>"; };
		2FD1EEAC2063883000A0D838 /* NYWebViewController.h */ = {isa = PBXFileReference; lastKnownFileType = sourcecode.c.h; path = NYWebViewController.h; sourceTree = "<group>"; };
		2FD1EEAD2063883000A0D838 /* NYWebViewController.m */ = {isa = PBXFileReference; lastKnownFileType = sourcecode.c.objc; path = NYWebViewController.m; sourceTree = "<group>"; };
		2FD1EEB02064E6A100A0D838 /* NYViewController.h */ = {isa = PBXFileReference; lastKnownFileType = sourcecode.c.h; path = NYViewController.h; sourceTree = "<group>"; };
		2FD1EEB12064E6A100A0D838 /* NYViewController.m */ = {isa = PBXFileReference; lastKnownFileType = sourcecode.c.objc; path = NYViewController.m; sourceTree = "<group>"; };
		2FD1EEB3206A356E00A0D838 /* NYSecurityPolicy.m */ = {isa = PBXFileReference; fileEncoding = 4; lastKnownFileType = sourcecode.c.objc; path = NYSecurityPolicy.m; sourceTree = "<group>"; };
		2FD1EEB4206A356E00A0D838 /* NYSecurityPolicy.h */ = {isa = PBXFileReference; fileEncoding = 4; lastKnownFileType = sourcecode.c.h; path = NYSecurityPolicy.h; sourceTree = "<group>"; };
		C7799D6620CE5EC400557C8C /* NSObject+NYRuntime.h */ = {isa = PBXFileReference; fileEncoding = 4; lastKnownFileType = sourcecode.c.h; path = "NSObject+NYRuntime.h"; sourceTree = "<group>"; };
		C7799D6720CE5EC400557C8C /* NSObject+NYRuntime.m */ = {isa = PBXFileReference; fileEncoding = 4; lastKnownFileType = sourcecode.c.objc; path = "NSObject+NYRuntime.m"; sourceTree = "<group>"; };
		C7799D6820CE5EC400557C8C /* WKWebView+NYWebCache.h */ = {isa = PBXFileReference; fileEncoding = 4; lastKnownFileType = sourcecode.c.h; path = "WKWebView+NYWebCache.h"; sourceTree = "<group>"; };
		C7799D6920CE5EC400557C8C /* WKWebView+NYWebCache.m */ = {isa = PBXFileReference; fileEncoding = 4; lastKnownFileType = sourcecode.c.objc; path = "WKWebView+NYWebCache.m"; sourceTree = "<group>"; };
		C7799D6A20CE5EC400557C8C /* WKWebView+NYWebCookie.h */ = {isa = PBXFileReference; fileEncoding = 4; lastKnownFileType = sourcecode.c.h; path = "WKWebView+NYWebCookie.h"; sourceTree = "<group>"; };
		C7799D6B20CE5EC400557C8C /* WKWebView+NYWebCookie.m */ = {isa = PBXFileReference; fileEncoding = 4; lastKnownFileType = sourcecode.c.objc; path = "WKWebView+NYWebCookie.m"; sourceTree = "<group>"; };
/* End PBXFileReference section */

/* Begin PBXFrameworksBuildPhase section */
		2FD1EE72206384AC00A0D838 /* Frameworks */ = {
			isa = PBXFrameworksBuildPhase;
			buildActionMask = 2147483647;
			files = (
			);
			runOnlyForDeploymentPostprocessing = 0;
		};
		2FD1EE8A206384AD00A0D838 /* Frameworks */ = {
			isa = PBXFrameworksBuildPhase;
			buildActionMask = 2147483647;
			files = (
			);
			runOnlyForDeploymentPostprocessing = 0;
		};
		2FD1EE95206384AD00A0D838 /* Frameworks */ = {
			isa = PBXFrameworksBuildPhase;
			buildActionMask = 2147483647;
			files = (
			);
			runOnlyForDeploymentPostprocessing = 0;
		};
/* End PBXFrameworksBuildPhase section */

/* Begin PBXGroup section */
		2F118A6B20BFEC98008BBDCD /* NYWebViewTool */ = {
			isa = PBXGroup;
			children = (
				2F118A6C20BFEE41008BBDCD /* NSURL+NYTool.h */,
				2F118A6D20BFEE41008BBDCD /* NSURL+NYTool.m */,
			);
			path = NYWebViewTool;
			sourceTree = "<group>";
		};
		2FD1EE6C206384AC00A0D838 = {
			isa = PBXGroup;
			children = (
				2FD1EE77206384AC00A0D838 /* NYWebViewController */,
				2FD1EE90206384AD00A0D838 /* NYWebViewControllerTests */,
				2FD1EE9B206384AD00A0D838 /* NYWebViewControllerUITests */,
				2FD1EE76206384AC00A0D838 /* Products */,
			);
			sourceTree = "<group>";
		};
		2FD1EE76206384AC00A0D838 /* Products */ = {
			isa = PBXGroup;
			children = (
				2FD1EE75206384AC00A0D838 /* NYWebViewController.app */,
				2FD1EE8D206384AD00A0D838 /* NYWebViewControllerTests.xctest */,
				2FD1EE98206384AD00A0D838 /* NYWebViewControllerUITests.xctest */,
			);
			name = Products;
			sourceTree = "<group>";
		};
		2FD1EE77206384AC00A0D838 /* NYWebViewController */ = {
			isa = PBXGroup;
			children = (
				2F118A6920B7B258008BBDCD /* main.html */,
				2FD1EE78206384AC00A0D838 /* AppDelegate.h */,
				2FD1EE79206384AC00A0D838 /* AppDelegate.m */,
				2FD1EEAB206387CC00A0D838 /* Example */,
				2FD1EEAA206387C800A0D838 /* NYWebViewController */,
				2FD1EE81206384AC00A0D838 /* Assets.xcassets */,
				2FD1EE83206384AC00A0D838 /* LaunchScreen.storyboard */,
				2FD1EE86206384AC00A0D838 /* Info.plist */,
				2FD1EE87206384AC00A0D838 /* main.m */,
			);
			path = NYWebViewController;
			sourceTree = "<group>";
		};
		2FD1EE90206384AD00A0D838 /* NYWebViewControllerTests */ = {
			isa = PBXGroup;
			children = (
				2FD1EE91206384AD00A0D838 /* NYWebViewControllerTests.m */,
				2FD1EE93206384AD00A0D838 /* Info.plist */,
			);
			path = NYWebViewControllerTests;
			sourceTree = "<group>";
		};
		2FD1EE9B206384AD00A0D838 /* NYWebViewControllerUITests */ = {
			isa = PBXGroup;
			children = (
				2FD1EE9C206384AD00A0D838 /* NYWebViewControllerUITests.m */,
				2FD1EE9E206384AD00A0D838 /* Info.plist */,
			);
			path = NYWebViewControllerUITests;
			sourceTree = "<group>";
		};
		2FD1EEAA206387C800A0D838 /* NYWebViewController */ = {
			isa = PBXGroup;
			children = (
				2FD1EEAC2063883000A0D838 /* NYWebViewController.h */,
				2FD1EEAD2063883000A0D838 /* NYWebViewController.m */,
				C7799D6520CE5EC400557C8C /* NYWebViewCache */,
				2F118A6F20C14047008BBDCD /* NYScriptMessage.h */,
				2F118A7020C14047008BBDCD /* NYScriptMessage.m */,
				2F118A6B20BFEC98008BBDCD /* NYWebViewTool */,
				2FD1EEAF2063886700A0D838 /* Security */,
			);
			path = NYWebViewController;
			sourceTree = "<group>";
		};
		2FD1EEAB206387CC00A0D838 /* Example */ = {
			isa = PBXGroup;
			children = (
				2FD1EE7E206384AC00A0D838 /* Main.storyboard */,
				2FD1EEB02064E6A100A0D838 /* NYViewController.h */,
				2FD1EEB12064E6A100A0D838 /* NYViewController.m */,
			);
			path = Example;
			sourceTree = "<group>";
		};
		2FD1EEAF2063886700A0D838 /* Security */ = {
			isa = PBXGroup;
			children = (
				2FD1EEB4206A356E00A0D838 /* NYSecurityPolicy.h */,
				2FD1EEB3206A356E00A0D838 /* NYSecurityPolicy.m */,
			);
			path = Security;
			sourceTree = "<group>";
		};
		C7799D6520CE5EC400557C8C /* NYWebViewCache */ = {
			isa = PBXGroup;
			children = (
				C7799D6620CE5EC400557C8C /* NSObject+NYRuntime.h */,
				C7799D6720CE5EC400557C8C /* NSObject+NYRuntime.m */,
				C7799D6820CE5EC400557C8C /* WKWebView+NYWebCache.h */,
				C7799D6920CE5EC400557C8C /* WKWebView+NYWebCache.m */,
				C7799D6A20CE5EC400557C8C /* WKWebView+NYWebCookie.h */,
				C7799D6B20CE5EC400557C8C /* WKWebView+NYWebCookie.m */,
			);
			path = NYWebViewCache;
			sourceTree = "<group>";
		};
/* End PBXGroup section */

/* Begin PBXNativeTarget section */
		2FD1EE74206384AC00A0D838 /* NYWebViewController */ = {
			isa = PBXNativeTarget;
			buildConfigurationList = 2FD1EEA1206384AD00A0D838 /* Build configuration list for PBXNativeTarget "NYWebViewController" */;
			buildPhases = (
				2FD1EE71206384AC00A0D838 /* Sources */,
				2FD1EE72206384AC00A0D838 /* Frameworks */,
				2FD1EE73206384AC00A0D838 /* Resources */,
			);
			buildRules = (
			);
			dependencies = (
			);
			name = NYWebViewController;
			productName = NYWebViewController;
			productReference = 2FD1EE75206384AC00A0D838 /* NYWebViewController.app */;
			productType = "com.apple.product-type.application";
		};
		2FD1EE8C206384AD00A0D838 /* NYWebViewControllerTests */ = {
			isa = PBXNativeTarget;
			buildConfigurationList = 2FD1EEA4206384AD00A0D838 /* Build configuration list for PBXNativeTarget "NYWebViewControllerTests" */;
			buildPhases = (
				2FD1EE89206384AD00A0D838 /* Sources */,
				2FD1EE8A206384AD00A0D838 /* Frameworks */,
				2FD1EE8B206384AD00A0D838 /* Resources */,
			);
			buildRules = (
			);
			dependencies = (
				2FD1EE8F206384AD00A0D838 /* PBXTargetDependency */,
			);
			name = NYWebViewControllerTests;
			productName = NYWebViewControllerTests;
			productReference = 2FD1EE8D206384AD00A0D838 /* NYWebViewControllerTests.xctest */;
			productType = "com.apple.product-type.bundle.unit-test";
		};
		2FD1EE97206384AD00A0D838 /* NYWebViewControllerUITests */ = {
			isa = PBXNativeTarget;
			buildConfigurationList = 2FD1EEA7206384AD00A0D838 /* Build configuration list for PBXNativeTarget "NYWebViewControllerUITests" */;
			buildPhases = (
				2FD1EE94206384AD00A0D838 /* Sources */,
				2FD1EE95206384AD00A0D838 /* Frameworks */,
				2FD1EE96206384AD00A0D838 /* Resources */,
			);
			buildRules = (
			);
			dependencies = (
				2FD1EE9A206384AD00A0D838 /* PBXTargetDependency */,
			);
			name = NYWebViewControllerUITests;
			productName = NYWebViewControllerUITests;
			productReference = 2FD1EE98206384AD00A0D838 /* NYWebViewControllerUITests.xctest */;
			productType = "com.apple.product-type.bundle.ui-testing";
		};
/* End PBXNativeTarget section */

/* Begin PBXProject section */
		2FD1EE6D206384AC00A0D838 /* Project object */ = {
			isa = PBXProject;
			attributes = {
				LastUpgradeCheck = 0920;
				ORGANIZATIONNAME = nuoyuan;
				TargetAttributes = {
					2FD1EE74206384AC00A0D838 = {
						CreatedOnToolsVersion = 9.2;
						ProvisioningStyle = Automatic;
					};
					2FD1EE8C206384AD00A0D838 = {
						CreatedOnToolsVersion = 9.2;
						ProvisioningStyle = Automatic;
						TestTargetID = 2FD1EE74206384AC00A0D838;
					};
					2FD1EE97206384AD00A0D838 = {
						CreatedOnToolsVersion = 9.2;
						ProvisioningStyle = Automatic;
						TestTargetID = 2FD1EE74206384AC00A0D838;
					};
				};
			};
			buildConfigurationList = 2FD1EE70206384AC00A0D838 /* Build configuration list for PBXProject "NYWebViewController" */;
			compatibilityVersion = "Xcode 8.0";
			developmentRegion = en;
			hasScannedForEncodings = 0;
			knownRegions = (
				en,
				Base,
			);
			mainGroup = 2FD1EE6C206384AC00A0D838;
			productRefGroup = 2FD1EE76206384AC00A0D838 /* Products */;
			projectDirPath = "";
			projectRoot = "";
			targets = (
				2FD1EE74206384AC00A0D838 /* NYWebViewController */,
				2FD1EE8C206384AD00A0D838 /* NYWebViewControllerTests */,
				2FD1EE97206384AD00A0D838 /* NYWebViewControllerUITests */,
			);
		};
/* End PBXProject section */

/* Begin PBXResourcesBuildPhase section */
		2FD1EE73206384AC00A0D838 /* Resources */ = {
			isa = PBXResourcesBuildPhase;
			buildActionMask = 2147483647;
			files = (
				2FD1EE85206384AC00A0D838 /* LaunchScreen.storyboard in Resources */,
				2F118A6A20B7B258008BBDCD /* main.html in Resources */,
				2FD1EE82206384AC00A0D838 /* Assets.xcassets in Resources */,
				2FD1EE80206384AC00A0D838 /* Main.storyboard in Resources */,
			);
			runOnlyForDeploymentPostprocessing = 0;
		};
		2FD1EE8B206384AD00A0D838 /* Resources */ = {
			isa = PBXResourcesBuildPhase;
			buildActionMask = 2147483647;
			files = (
			);
			runOnlyForDeploymentPostprocessing = 0;
		};
		2FD1EE96206384AD00A0D838 /* Resources */ = {
			isa = PBXResourcesBuildPhase;
			buildActionMask = 2147483647;
			files = (
			);
			runOnlyForDeploymentPostprocessing = 0;
		};
/* End PBXResourcesBuildPhase section */

/* Begin PBXSourcesBuildPhase section */
		2FD1EE71206384AC00A0D838 /* Sources */ = {
			isa = PBXSourcesBuildPhase;
			buildActionMask = 2147483647;
			files = (
				2FD1EEAE2063883000A0D838 /* NYWebViewController.m in Sources */,
				2FD1EE88206384AC00A0D838 /* main.m in Sources */,
				2FD1EE7A206384AC00A0D838 /* AppDelegate.m in Sources */,
				2FD1EEB22064E6A100A0D838 /* NYViewController.m in Sources */,
				C7799D6D20CE5EC400557C8C /* WKWebView+NYWebCache.m in Sources */,
				2FD1EEB5206A357000A0D838 /* NYSecurityPolicy.m in Sources */,
				C7799D6C20CE5EC400557C8C /* NSObject+NYRuntime.m in Sources */,
				C7799D6E20CE5EC400557C8C /* WKWebView+NYWebCookie.m in Sources */,
				2F118A6E20BFEE41008BBDCD /* NSURL+NYTool.m in Sources */,
				2F118A7120C14047008BBDCD /* NYScriptMessage.m in Sources */,
			);
			runOnlyForDeploymentPostprocessing = 0;
		};
		2FD1EE89206384AD00A0D838 /* Sources */ = {
			isa = PBXSourcesBuildPhase;
			buildActionMask = 2147483647;
			files = (
				2FD1EE92206384AD00A0D838 /* NYWebViewControllerTests.m in Sources */,
			);
			runOnlyForDeploymentPostprocessing = 0;
		};
		2FD1EE94206384AD00A0D838 /* Sources */ = {
			isa = PBXSourcesBuildPhase;
			buildActionMask = 2147483647;
			files = (
				2FD1EE9D206384AD00A0D838 /* NYWebViewControllerUITests.m in Sources */,
			);
			runOnlyForDeploymentPostprocessing = 0;
		};
/* End PBXSourcesBuildPhase section */

/* Begin PBXTargetDependency section */
		2FD1EE8F206384AD00A0D838 /* PBXTargetDependency */ = {
			isa = PBXTargetDependency;
			target = 2FD1EE74206384AC00A0D838 /* NYWebViewController */;
			targetProxy = 2FD1EE8E206384AD00A0D838 /* PBXContainerItemProxy */;
		};
		2FD1EE9A206384AD00A0D838 /* PBXTargetDependency */ = {
			isa = PBXTargetDependency;
			target = 2FD1EE74206384AC00A0D838 /* NYWebViewController */;
			targetProxy = 2FD1EE99206384AD00A0D838 /* PBXContainerItemProxy */;
		};
/* End PBXTargetDependency section */

/* Begin PBXVariantGroup section */
		2FD1EE7E206384AC00A0D838 /* Main.storyboard */ = {
			isa = PBXVariantGroup;
			children = (
				2FD1EE7F206384AC00A0D838 /* Base */,
			);
			name = Main.storyboard;
			sourceTree = "<group>";
		};
		2FD1EE83206384AC00A0D838 /* LaunchScreen.storyboard */ = {
			isa = PBXVariantGroup;
			children = (
				2FD1EE84206384AC00A0D838 /* Base */,
			);
			name = LaunchScreen.storyboard;
			sourceTree = "<group>";
		};
/* End PBXVariantGroup section */

/* Begin XCBuildConfiguration section */
		2FD1EE9F206384AD00A0D838 /* Debug */ = {
			isa = XCBuildConfiguration;
			buildSettings = {
				ALWAYS_SEARCH_USER_PATHS = NO;
				CLANG_ANALYZER_NONNULL = YES;
				CLANG_ANALYZER_NUMBER_OBJECT_CONVERSION = YES_AGGRESSIVE;
				CLANG_CXX_LANGUAGE_STANDARD = "gnu++14";
				CLANG_CXX_LIBRARY = "libc++";
				CLANG_ENABLE_MODULES = YES;
				CLANG_ENABLE_OBJC_ARC = YES;
				CLANG_WARN_BLOCK_CAPTURE_AUTORELEASING = YES;
				CLANG_WARN_BOOL_CONVERSION = YES;
				CLANG_WARN_COMMA = YES;
				CLANG_WARN_CONSTANT_CONVERSION = YES;
				CLANG_WARN_DIRECT_OBJC_ISA_USAGE = YES_ERROR;
				CLANG_WARN_DOCUMENTATION_COMMENTS = YES;
				CLANG_WARN_EMPTY_BODY = YES;
				CLANG_WARN_ENUM_CONVERSION = YES;
				CLANG_WARN_INFINITE_RECURSION = YES;
				CLANG_WARN_INT_CONVERSION = YES;
				CLANG_WARN_NON_LITERAL_NULL_CONVERSION = YES;
				CLANG_WARN_OBJC_LITERAL_CONVERSION = YES;
				CLANG_WARN_OBJC_ROOT_CLASS = YES_ERROR;
				CLANG_WARN_RANGE_LOOP_ANALYSIS = YES;
				CLANG_WARN_STRICT_PROTOTYPES = YES;
				CLANG_WARN_SUSPICIOUS_MOVE = YES;
				CLANG_WARN_UNGUARDED_AVAILABILITY = YES_AGGRESSIVE;
				CLANG_WARN_UNREACHABLE_CODE = YES;
				CLANG_WARN__DUPLICATE_METHOD_MATCH = YES;
				CODE_SIGN_IDENTITY = "iPhone Developer";
				COPY_PHASE_STRIP = NO;
				DEBUG_INFORMATION_FORMAT = dwarf;
				ENABLE_STRICT_OBJC_MSGSEND = YES;
				ENABLE_TESTABILITY = YES;
				GCC_C_LANGUAGE_STANDARD = gnu11;
				GCC_DYNAMIC_NO_PIC = NO;
				GCC_NO_COMMON_BLOCKS = YES;
				GCC_OPTIMIZATION_LEVEL = 0;
				GCC_PREPROCESSOR_DEFINITIONS = (
					"DEBUG=1",
					"$(inherited)",
				);
				GCC_WARN_64_TO_32_BIT_CONVERSION = YES;
				GCC_WARN_ABOUT_RETURN_TYPE = YES_ERROR;
				GCC_WARN_UNDECLARED_SELECTOR = YES;
				GCC_WARN_UNINITIALIZED_AUTOS = YES_AGGRESSIVE;
				GCC_WARN_UNUSED_FUNCTION = YES;
				GCC_WARN_UNUSED_VARIABLE = YES;
				IPHONEOS_DEPLOYMENT_TARGET = 8.0;
				MTL_ENABLE_DEBUG_INFO = YES;
				ONLY_ACTIVE_ARCH = YES;
				SDKROOT = iphoneos;
			};
			name = Debug;
		};
		2FD1EEA0206384AD00A0D838 /* Release */ = {
			isa = XCBuildConfiguration;
			buildSettings = {
				ALWAYS_SEARCH_USER_PATHS = NO;
				CLANG_ANALYZER_NONNULL = YES;
				CLANG_ANALYZER_NUMBER_OBJECT_CONVERSION = YES_AGGRESSIVE;
				CLANG_CXX_LANGUAGE_STANDARD = "gnu++14";
				CLANG_CXX_LIBRARY = "libc++";
				CLANG_ENABLE_MODULES = YES;
				CLANG_ENABLE_OBJC_ARC = YES;
				CLANG_WARN_BLOCK_CAPTURE_AUTORELEASING = YES;
				CLANG_WARN_BOOL_CONVERSION = YES;
				CLANG_WARN_COMMA = YES;
				CLANG_WARN_CONSTANT_CONVERSION = YES;
				CLANG_WARN_DIRECT_OBJC_ISA_USAGE = YES_ERROR;
				CLANG_WARN_DOCUMENTATION_COMMENTS = YES;
				CLANG_WARN_EMPTY_BODY = YES;
				CLANG_WARN_ENUM_CONVERSION = YES;
				CLANG_WARN_INFINITE_RECURSION = YES;
				CLANG_WARN_INT_CONVERSION = YES;
				CLANG_WARN_NON_LITERAL_NULL_CONVERSION = YES;
				CLANG_WARN_OBJC_LITERAL_CONVERSION = YES;
				CLANG_WARN_OBJC_ROOT_CLASS = YES_ERROR;
				CLANG_WARN_RANGE_LOOP_ANALYSIS = YES;
				CLANG_WARN_STRICT_PROTOTYPES = YES;
				CLANG_WARN_SUSPICIOUS_MOVE = YES;
				CLANG_WARN_UNGUARDED_AVAILABILITY = YES_AGGRESSIVE;
				CLANG_WARN_UNREACHABLE_CODE = YES;
				CLANG_WARN__DUPLICATE_METHOD_MATCH = YES;
				CODE_SIGN_IDENTITY = "iPhone Developer";
				COPY_PHASE_STRIP = NO;
				DEBUG_INFORMATION_FORMAT = "dwarf-with-dsym";
				ENABLE_NS_ASSERTIONS = NO;
				ENABLE_STRICT_OBJC_MSGSEND = YES;
				GCC_C_LANGUAGE_STANDARD = gnu11;
				GCC_NO_COMMON_BLOCKS = YES;
				GCC_WARN_64_TO_32_BIT_CONVERSION = YES;
				GCC_WARN_ABOUT_RETURN_TYPE = YES_ERROR;
				GCC_WARN_UNDECLARED_SELECTOR = YES;
				GCC_WARN_UNINITIALIZED_AUTOS = YES_AGGRESSIVE;
				GCC_WARN_UNUSED_FUNCTION = YES;
				GCC_WARN_UNUSED_VARIABLE = YES;
				IPHONEOS_DEPLOYMENT_TARGET = 8.0;
				MTL_ENABLE_DEBUG_INFO = NO;
				SDKROOT = iphoneos;
				VALIDATE_PRODUCT = YES;
			};
			name = Release;
		};
		2FD1EEA2206384AD00A0D838 /* Debug */ = {
			isa = XCBuildConfiguration;
			buildSettings = {
				ASSETCATALOG_COMPILER_APPICON_NAME = AppIcon;
				CODE_SIGN_STYLE = Automatic;
				DEVELOPMENT_TEAM = PLWRYFMN46;
				INFOPLIST_FILE = NYWebViewController/Info.plist;
				LD_RUNPATH_SEARCH_PATHS = "$(inherited) @executable_path/Frameworks";
				PRODUCT_BUNDLE_IDENTIFIER = com.nuoyuan.NYWebViewController;
				PRODUCT_NAME = "$(TARGET_NAME)";
				TARGETED_DEVICE_FAMILY = "1,2";
			};
			name = Debug;
		};
		2FD1EEA3206384AD00A0D838 /* Release */ = {
			isa = XCBuildConfiguration;
			buildSettings = {
				ASSETCATALOG_COMPILER_APPICON_NAME = AppIcon;
				CODE_SIGN_STYLE = Automatic;
				DEVELOPMENT_TEAM = PLWRYFMN46;
				INFOPLIST_FILE = NYWebViewController/Info.plist;
				LD_RUNPATH_SEARCH_PATHS = "$(inherited) @executable_path/Frameworks";
				PRODUCT_BUNDLE_IDENTIFIER = com.nuoyuan.NYWebViewController;
				PRODUCT_NAME = "$(TARGET_NAME)";
				TARGETED_DEVICE_FAMILY = "1,2";
			};
			name = Release;
		};
		2FD1EEA5206384AD00A0D838 /* Debug */ = {
			isa = XCBuildConfiguration;
			buildSettings = {
				BUNDLE_LOADER = "$(TEST_HOST)";
				CODE_SIGN_STYLE = Automatic;
				DEVELOPMENT_TEAM = PLWRYFMN46;
				INFOPLIST_FILE = NYWebViewControllerTests/Info.plist;
				LD_RUNPATH_SEARCH_PATHS = "$(inherited) @executable_path/Frameworks @loader_path/Frameworks";
				PRODUCT_BUNDLE_IDENTIFIER = com.nuoyuan.NYWebViewControllerTests;
				PRODUCT_NAME = "$(TARGET_NAME)";
				TARGETED_DEVICE_FAMILY = "1,2";
				TEST_HOST = "$(BUILT_PRODUCTS_DIR)/NYWebViewController.app/NYWebViewController";
			};
			name = Debug;
		};
		2FD1EEA6206384AD00A0D838 /* Release */ = {
			isa = XCBuildConfiguration;
			buildSettings = {
				BUNDLE_LOADER = "$(TEST_HOST)";
				CODE_SIGN_STYLE = Automatic;
				DEVELOPMENT_TEAM = PLWRYFMN46;
				INFOPLIST_FILE = NYWebViewControllerTests/Info.plist;
				LD_RUNPATH_SEARCH_PATHS = "$(inherited) @executable_path/Frameworks @loader_path/Frameworks";
				PRODUCT_BUNDLE_IDENTIFIER = com.nuoyuan.NYWebViewControllerTests;
				PRODUCT_NAME = "$(TARGET_NAME)";
				TARGETED_DEVICE_FAMILY = "1,2";
				TEST_HOST = "$(BUILT_PRODUCTS_DIR)/NYWebViewController.app/NYWebViewController";
			};
			name = Release;
		};
		2FD1EEA8206384AD00A0D838 /* Debug */ = {
			isa = XCBuildConfiguration;
			buildSettings = {
				CODE_SIGN_STYLE = Automatic;
				DEVELOPMENT_TEAM = PLWRYFMN46;
				INFOPLIST_FILE = NYWebViewControllerUITests/Info.plist;
				LD_RUNPATH_SEARCH_PATHS = "$(inherited) @executable_path/Frameworks @loader_path/Frameworks";
				PRODUCT_BUNDLE_IDENTIFIER = com.nuoyuan.NYWebViewControllerUITests;
				PRODUCT_NAME = "$(TARGET_NAME)";
				TARGETED_DEVICE_FAMILY = "1,2";
				TEST_TARGET_NAME = NYWebViewController;
			};
			name = Debug;
		};
		2FD1EEA9206384AD00A0D838 /* Release */ = {
			isa = XCBuildConfiguration;
			buildSettings = {
				CODE_SIGN_STYLE = Automatic;
				DEVELOPMENT_TEAM = PLWRYFMN46;
				INFOPLIST_FILE = NYWebViewControllerUITests/Info.plist;
				LD_RUNPATH_SEARCH_PATHS = "$(inherited) @executable_path/Frameworks @loader_path/Frameworks";
				PRODUCT_BUNDLE_IDENTIFIER = com.nuoyuan.NYWebViewControllerUITests;
				PRODUCT_NAME = "$(TARGET_NAME)";
				TARGETED_DEVICE_FAMILY = "1,2";
				TEST_TARGET_NAME = NYWebViewController;
			};
			name = Release;
		};
/* End XCBuildConfiguration section */

/* Begin XCConfigurationList section */
		2FD1EE70206384AC00A0D838 /* Build configuration list for PBXProject "NYWebViewController" */ = {
			isa = XCConfigurationList;
			buildConfigurations = (
				2FD1EE9F206384AD00A0D838 /* Debug */,
				2FD1EEA0206384AD00A0D838 /* Release */,
			);
			defaultConfigurationIsVisible = 0;
			defaultConfigurationName = Release;
		};
		2FD1EEA1206384AD00A0D838 /* Build configuration list for PBXNativeTarget "NYWebViewController" */ = {
			isa = XCConfigurationList;
			buildConfigurations = (
				2FD1EEA2206384AD00A0D838 /* Debug */,
				2FD1EEA3206384AD00A0D838 /* Release */,
			);
			defaultConfigurationIsVisible = 0;
			defaultConfigurationName = Release;
		};
		2FD1EEA4206384AD00A0D838 /* Build configuration list for PBXNativeTarget "NYWebViewControllerTests" */ = {
			isa = XCConfigurationList;
			buildConfigurations = (
				2FD1EEA5206384AD00A0D838 /* Debug */,
				2FD1EEA6206384AD00A0D838 /* Release */,
			);
			defaultConfigurationIsVisible = 0;
			defaultConfigurationName = Release;
		};
		2FD1EEA7206384AD00A0D838 /* Build configuration list for PBXNativeTarget "NYWebViewControllerUITests" */ = {
			isa = XCConfigurationList;
			buildConfigurations = (
				2FD1EEA8206384AD00A0D838 /* Debug */,
				2FD1EEA9206384AD00A0D838 /* Release */,
			);
			defaultConfigurationIsVisible = 0;
			defaultConfigurationName = Release;
		};
/* End XCConfigurationList section */
	};
	rootObject = 2FD1EE6D206384AC00A0D838 /* Project object */;
}
